// !$*UTF8*$!
{
	archiveVersion = 1;
	classes = {
	};
	objectVersion = 77;
	objects = {

/* Begin PBXBuildFile section */
		6FBA0D4530458081002FB1D8 /* CanIReceiptShare.appex in Embed Foundation Extensions */ = {isa = PBXBuildFile; fileRef = 6FBA0D3B30458081002FB1D8 /* CanIReceiptShare.appex */; settings = {ATTRIBUTES = (RemoveHeadersOnCopy, ); }; };
		6FBA0D52304580ED002FB1D8 /* WidgetKit.framework in Frameworks */ = {isa = PBXBuildFile; fileRef = 6FBA0D51304580ED002FB1D8 /* WidgetKit.framework */; };
		6FBA0D54304580ED002FB1D8 /* SwiftUI.framework in Frameworks */ = {isa = PBXBuildFile; fileRef = 6FBA0D53304580ED002FB1D8 /* SwiftUI.framework */; };
		6FBA0D61304580EE002FB1D8 /* CanIQuickAddWidgetExtension.appex in Embed Foundation Extensions */ = {isa = PBXBuildFile; fileRef = 6FBA0D4F304580ED002FB1D8 /* CanIQuickAddWidgetExtension.appex */; settings = {ATTRIBUTES = (RemoveHeadersOnCopy, ); }; };
/* End PBXBuildFile section */

/* Begin PBXContainerItemProxy section */
		6F2552C5301F24D20033A122 /* PBXContainerItemProxy */ = {
			isa = PBXContainerItemProxy;
			containerPortal = 6F2552AD301F24D00033A122 /* Project object */;
			proxyType = 1;
			remoteGlobalIDString = 6F2552B4301F24D00033A122;
			remoteInfo = CanIV2;
		};
		6F2552CF301F24D20033A122 /* PBXContainerItemProxy */ = {
			isa = PBXContainerItemProxy;
			containerPortal = 6F2552AD301F24D00033A122 /* Project object */;
			proxyType = 1;
			remoteGlobalIDString = 6F2552B4301F24D00033A122;
			remoteInfo = CanIV2;
		};
		6FBA0D4330458081002FB1D8 /* PBXContainerItemProxy */ = {
			isa = PBXContainerItemProxy;
			containerPortal = 6F2552AD301F24D00033A122 /* Project object */;
			proxyType = 1;
			remoteGlobalIDString = 6FBA0D3A30458081002FB1D8;
			remoteInfo = CanIReceiptShare;
		};
		6FBA0D5F304580EE002FB1D8 /* PBXContainerItemProxy */ = {
			isa = PBXContainerItemProxy;
			containerPortal = 6F2552AD301F24D00033A122 /* Project object */;
			proxyType = 1;
			remoteGlobalIDString = 6FBA0D4E304580ED002FB1D8;
			remoteInfo = CanIQuickAddWidgetExtension;
		};
/* End PBXContainerItemProxy section */

/* Begin PBXCopyFilesBuildPhase section */
		6FBA0D4630458081002FB1D8 /* Embed Foundation Extensions */ = {
			isa = PBXCopyFilesBuildPhase;
			buildActionMask = 2147483647;
			dstPath = "";
			dstSubfolderSpec = 13;
			files = (
				6FBA0D4530458081002FB1D8 /* CanIReceiptShare.appex in Embed Foundation Extensions */,
				6FBA0D61304580EE002FB1D8 /* CanIQuickAddWidgetExtension.appex in Embed Foundation Extensions */,
			);
			name = "Embed Foundation Extensions";
			runOnlyForDeploymentPostprocessing = 0;
		};
/* End PBXCopyFilesBuildPhase section */

/* Begin PBXFileReference section */
		6F2552B5301F24D00033A122 /* CanIV2.app */ = {isa = PBXFileReference; explicitFileType = wrapper.application; includeInIndex = 0; path = CanIV2.app; sourceTree = BUILT_PRODUCTS_DIR; };
		6F2552C4301F24D20033A122 /* CanIV2Tests.xctest */ = {isa = PBXFileReference; explicitFileType = wrapper.cfbundle; includeInIndex = 0; path = CanIV2Tests.xctest; sourceTree = BUILT_PRODUCTS_DIR; };
		6F2552CE301F24D20033A122 /* CanIV2UITests.xctest */ = {isa = PBXFileReference; explicitFileType = wrapper.cfbundle; includeInIndex = 0; path = CanIV2UITests.xctest; sourceTree = BUILT_PRODUCTS_DIR; };
		6F901CC23028925800ED7E88 /* CanIV2.xctestplan */ = {isa = PBXFileReference; lastKnownFileType = text; path = CanIV2.xctestplan; sourceTree = "<group>"; };
		6FBA0D3B30458081002FB1D8 /* CanIReceiptShare.appex */ = {isa = PBXFileReference; explicitFileType = "wrapper.app-extension"; includeInIndex = 0; path = CanIReceiptShare.appex; sourceTree = BUILT_PRODUCTS_DIR; };
		6FBA0D4F304580ED002FB1D8 /* CanIQuickAddWidgetExtension.appex */ = {isa = PBXFileReference; explicitFileType = "wrapper.app-extension"; includeInIndex = 0; path = CanIQuickAddWidgetExtension.appex; sourceTree = BUILT_PRODUCTS_DIR; };
		6FBA0D51304580ED002FB1D8 /* WidgetKit.framework */ = {isa = PBXFileReference; lastKnownFileType = wrapper.framework; name = WidgetKit.framework; path = System/Library/Frameworks/WidgetKit.framework; sourceTree = SDKROOT; };
		6FBA0D53304580ED002FB1D8 /* SwiftUI.framework */ = {isa = PBXFileReference; lastKnownFileType = wrapper.framework; name = SwiftUI.framework; path = System/Library/Frameworks/SwiftUI.framework; sourceTree = SDKROOT; };
		6FBA0D683045816D002FB1D8 /* CanIQuickAddWidgetExtension.entitlements */ = {isa = PBXFileReference; lastKnownFileType = text.plist.entitlements; path = CanIQuickAddWidgetExtension.entitlements; sourceTree = "<group>"; };
/* End PBXFileReference section */

/* Begin PBXFileSystemSynchronizedBuildFileExceptionSet section */
		6FBA0D4930458081002FB1D8 /* Exceptions for "CanIReceiptShare" folder in "CanIReceiptShare" target */ = {
			isa = PBXFileSystemSynchronizedBuildFileExceptionSet;
			membershipExceptions = (
				Info.plist,
			);
			target = 6FBA0D3A30458081002FB1D8 /* CanIReceiptShare */;
		};
		6FBA0D62304580EE002FB1D8 /* Exceptions for "CanIQuickAddWidget" folder in "CanIQuickAddWidgetExtension" target */ = {
			isa = PBXFileSystemSynchronizedBuildFileExceptionSet;
			membershipExceptions = (
				Info.plist,
			);
			target = 6FBA0D4E304580ED002FB1D8 /* CanIQuickAddWidgetExtension */;
		};
/* End PBXFileSystemSynchronizedBuildFileExceptionSet section */

/* Begin PBXFileSystemSynchronizedRootGroup section */
		6F2552B7301F24D00033A122 /* CanIV2 */ = {
			isa = PBXFileSystemSynchronizedRootGroup;
			path = CanIV2;
			sourceTree = "<group>";
		};
		6F2552C7301F24D20033A122 /* CanIV2Tests */ = {
			isa = PBXFileSystemSynchronizedRootGroup;
			path = CanIV2Tests;
			sourceTree = "<group>";
		};
		6F2552D1301F24D20033A122 /* CanIV2UITests */ = {
			isa = PBXFileSystemSynchronizedRootGroup;
			path = CanIV2UITests;
			sourceTree = "<group>";
		};
		6FBA0D3C30458081002FB1D8 /* CanIReceiptShare */ = {
			isa = PBXFileSystemSynchronizedRootGroup;
			exceptions = (
				6FBA0D4930458081002FB1D8 /* Exceptions for "CanIReceiptShare" folder in "CanIReceiptShare" target */,
			);
			path = CanIReceiptShare;
			sourceTree = "<group>";
		};
		6FBA0D55304580ED002FB1D8 /* CanIQuickAddWidget */ = {
			isa = PBXFileSystemSynchronizedRootGroup;
			exceptions = (
				6FBA0D62304580EE002FB1D8 /* Exceptions for "CanIQuickAddWidget" folder in "CanIQuickAddWidgetExtension" target */,
			);
			path = CanIQuickAddWidget;
			sourceTree = "<group>";
		};
/* End PBXFileSystemSynchronizedRootGroup section */

/* Begin PBXFrameworksBuildPhase section */
		6F2552B2301F24D00033A122 /* Frameworks */ = {
			isa = PBXFrameworksBuildPhase;
			buildActionMask = 2147483647;
			files = (
			);
			runOnlyForDeploymentPostprocessing = 0;
		};
		6F2552C1301F24D20033A122 /* Frameworks */ = {
			isa = PBXFrameworksBuildPhase;
			buildActionMask = 2147483647;
			files = (
			);
			runOnlyForDeploymentPostprocessing = 0;
		};
		6F2552CB301F24D20033A122 /* Frameworks */ = {
			isa = PBXFrameworksBuildPhase;
			buildActionMask = 2147483647;
			files = (
			);
			runOnlyForDeploymentPostprocessing = 0;
		};
		6FBA0D3830458081002FB1D8 /* Frameworks */ = {
			isa = PBXFrameworksBuildPhase;
			buildActionMask = 2147483647;
			files = (
			);
			runOnlyForDeploymentPostprocessing = 0;
		};
		6FBA0D4C304580ED002FB1D8 /* Frameworks */ = {
			isa = PBXFrameworksBuildPhase;
			buildActionMask = 2147483647;
			files = (
				6FBA0D54304580ED002FB1D8 /* SwiftUI.framework in Frameworks */,
				6FBA0D52304580ED002FB1D8 /* WidgetKit.framework in Frameworks */,
			);
			runOnlyForDeploymentPostprocessing = 0;
		};
/* End PBXFrameworksBuildPhase section */

/* Begin PBXGroup section */
		6F2552AC301F24D00033A122 = {
			isa = PBXGroup;
			children = (
				6FBA0D683045816D002FB1D8 /* CanIQuickAddWidgetExtension.entitlements */,
				6F901CC23028925800ED7E88 /* CanIV2.xctestplan */,
				6F2552B7301F24D00033A122 /* CanIV2 */,
				6F2552C7301F24D20033A122 /* CanIV2Tests */,
				6F2552D1301F24D20033A122 /* CanIV2UITests */,
				6FBA0D3C30458081002FB1D8 /* CanIReceiptShare */,
				6FBA0D55304580ED002FB1D8 /* CanIQuickAddWidget */,
				6FBA0D50304580ED002FB1D8 /* Frameworks */,
				6F2552B6301F24D00033A122 /* Products */,
			);
			sourceTree = "<group>";
		};
		6F2552B6301F24D00033A122 /* Products */ = {
			isa = PBXGroup;
			children = (
				6F2552B5301F24D00033A122 /* CanIV2.app */,
				6F2552C4301F24D20033A122 /* CanIV2Tests.xctest */,
				6F2552CE301F24D20033A122 /* CanIV2UITests.xctest */,
				6FBA0D3B30458081002FB1D8 /* CanIReceiptShare.appex */,
				6FBA0D4F304580ED002FB1D8 /* CanIQuickAddWidgetExtension.appex */,
			);
			name = Products;
			sourceTree = "<group>";
		};
		6FBA0D50304580ED002FB1D8 /* Frameworks */ = {
			isa = PBXGroup;
			children = (
				6FBA0D51304580ED002FB1D8 /* WidgetKit.framework */,
				6FBA0D53304580ED002FB1D8 /* SwiftUI.framework */,
			);
			name = Frameworks;
			sourceTree = "<group>";
		};
/* End PBXGroup section */

/* Begin PBXNativeTarget section */
		6F2552B4301F24D00033A122 /* CanIV2 */ = {
			isa = PBXNativeTarget;
			buildConfigurationList = 6F2552D8301F24D20033A122 /* Build configuration list for PBXNativeTarget "CanIV2" */;
			buildPhases = (
				6F2552B1301F24D00033A122 /* Sources */,
				6F2552B2301F24D00033A122 /* Frameworks */,
				6F2552B3301F24D00033A122 /* Resources */,
				6FBA0D4630458081002FB1D8 /* Embed Foundation Extensions */,
			);
			buildRules = (
			);
			dependencies = (
				6FBA0D4430458081002FB1D8 /* PBXTargetDependency */,
				6FBA0D60304580EE002FB1D8 /* PBXTargetDependency */,
			);
			fileSystemSynchronizedGroups = (
				6F2552B7301F24D00033A122 /* CanIV2 */,
			);
			name = CanIV2;
			packageProductDependencies = (
			);
			productName = CanIV2;
			productReference = 6F2552B5301F24D00033A122 /* CanIV2.app */;
			productType = "com.apple.product-type.application";
		};
		6F2552C3301F24D20033A122 /* CanIV2Tests */ = {
			isa = PBXNativeTarget;
			buildConfigurationList = 6F2552DB301F24D20033A122 /* Build configuration list for PBXNativeTarget "CanIV2Tests" */;
			buildPhases = (
				6F2552C0301F24D20033A122 /* Sources */,
				6F2552C1301F24D20033A122 /* Frameworks */,
				6F2552C2301F24D20033A122 /* Resources */,
			);
			buildRules = (
			);
			dependencies = (
				6F2552C6301F24D20033A122 /* PBXTargetDependency */,
			);
			fileSystemSynchronizedGroups = (
				6F2552C7301F24D20033A122 /* CanIV2Tests */,
			);
			name = CanIV2Tests;
			packageProductDependencies = (
			);
			productName = CanIV2Tests;
			productReference = 6F2552C4301F24D20033A122 /* CanIV2Tests.xctest */;
			productType = "com.apple.product-type.bundle.unit-test";
		};
		6F2552CD301F24D20033A122 /* CanIV2UITests */ = {
			isa = PBXNativeTarget;
			buildConfigurationList = 6F2552DE301F24D20033A122 /* Build configuration list for PBXNativeTarget "CanIV2UITests" */;
			buildPhases = (
				6F2552CA301F24D20033A122 /* Sources */,
				6F2552CB301F24D20033A122 /* Frameworks */,
				6F2552CC301F24D20033A122 /* Resources */,
			);
			buildRules = (
			);
			dependencies = (
				6F2552D0301F24D20033A122 /* PBXTargetDependency */,
			);
			fileSystemSynchronizedGroups = (
				6F2552D1301F24D20033A122 /* CanIV2UITests */,
			);
			name = CanIV2UITests;
			packageProductDependencies = (
			);
			productName = CanIV2UITests;
			productReference = 6F2552CE301F24D20033A122 /* CanIV2UITests.xctest */;
			productType = "com.apple.product-type.bundle.ui-testing";
		};
		6FBA0D3A30458081002FB1D8 /* CanIReceiptShare */ = {
			isa = PBXNativeTarget;
			buildConfigurationList = 6FBA0D4A30458081002FB1D8 /* Build configuration list for PBXNativeTarget "CanIReceiptShare" */;
			buildPhases = (
				6FBA0D3730458081002FB1D8 /* Sources */,
				6FBA0D3830458081002FB1D8 /* Frameworks */,
				6FBA0D3930458081002FB1D8 /* Resources */,
			);
			buildRules = (
			);
			dependencies = (
			);
			fileSystemSynchronizedGroups = (
				6FBA0D3C30458081002FB1D8 /* CanIReceiptShare */,
			);
			name = CanIReceiptShare;
			packageProductDependencies = (
			);
			productName = CanIReceiptShare;
			productReference = 6FBA0D3B30458081002FB1D8 /* CanIReceiptShare.appex */;
			productType = "com.apple.product-type.app-extension";
		};
		6FBA0D4E304580ED002FB1D8 /* CanIQuickAddWidgetExtension */ = {
			isa = PBXNativeTarget;
			buildConfigurationList = 6FBA0D63304580EE002FB1D8 /* Build configuration list for PBXNativeTarget "CanIQuickAddWidgetExtension" */;
			buildPhases = (
				6FBA0D4B304580ED002FB1D8 /* Sources */,
				6FBA0D4C304580ED002FB1D8 /* Frameworks */,
				6FBA0D4D304580ED002FB1D8 /* Resources */,
			);
			buildRules = (
			);
			dependencies = (
			);
			fileSystemSynchronizedGroups = (
				6FBA0D55304580ED002FB1D8 /* CanIQuickAddWidget */,
			);
			name = CanIQuickAddWidgetExtension;
			packageProductDependencies = (
			);
			productName = CanIQuickAddWidgetExtension;
			productReference = 6FBA0D4F304580ED002FB1D8 /* CanIQuickAddWidgetExtension.appex */;
			productType = "com.apple.product-type.app-extension";
		};
/* End PBXNativeTarget section */

/* Begin PBXProject section */
		6F2552AD301F24D00033A122 /* Project object */ = {
			isa = PBXProject;
			attributes = {
				BuildIndependentTargetsInParallel = 1;
				LastSwiftUpdateCheck = 2660;
				LastUpgradeCheck = 2650;
				TargetAttributes = {
					6F2552B4301F24D00033A122 = {
						CreatedOnToolsVersion = 26.5;
					};
					6F2552C3301F24D20033A122 = {
						CreatedOnToolsVersion = 26.5;
						TestTargetID = 6F2552B4301F24D00033A122;
					};
					6F2552CD301F24D20033A122 = {
						CreatedOnToolsVersion = 26.5;
						TestTargetID = 6F2552B4301F24D00033A122;
					};
					6FBA0D3A30458081002FB1D8 = {
						CreatedOnToolsVersion = 26.6;
					};
					6FBA0D4E304580ED002FB1D8 = {
						CreatedOnToolsVersion = 26.6;
					};
				};
			};
			buildConfigurationList = 6F2552B0301F24D00033A122 /* Build configuration list for PBXProject "CanIV2" */;
			developmentRegion = en;
			hasScannedForEncodings = 0;
			knownRegions = (
				en,
				Base,
			);
			mainGroup = 6F2552AC301F24D00033A122;
			minimizedProjectReferenceProxies = 1;
			preferredProjectObjectVersion = 77;
			productRefGroup = 6F2552B6301F24D00033A122 /* Products */;
			projectDirPath = "";
			projectRoot = "";
			targets = (
				6F2552B4301F24D00033A122 /* CanIV2 */,
				6F2552C3301F24D20033A122 /* CanIV2Tests */,
				6F2552CD301F24D20033A122 /* CanIV2UITests */,
				6FBA0D3A30458081002FB1D8 /* CanIReceiptShare */,
				6FBA0D4E304580ED002FB1D8 /* CanIQuickAddWidgetExtension */,
			);
		};
/* End PBXProject section */

/* Begin PBXResourcesBuildPhase section */
		6F2552B3301F24D00033A122 /* Resources */ = {
			isa = PBXResourcesBuildPhase;
			buildActionMask = 2147483647;
			files = (
			);
			runOnlyForDeploymentPostprocessing = 0;
		};
		6F2552C2301F24D20033A122 /* Resources */ = {
			isa = PBXResourcesBuildPhase;
			buildActionMask = 2147483647;
			files = (
			);
			runOnlyForDeploymentPostprocessing = 0;
		};
		6F2552CC301F24D20033A122 /* Resources */ = {
			isa = PBXResourcesBuildPhase;
			buildActionMask = 2147483647;
			files = (
			);
			runOnlyForDeploymentPostprocessing = 0;
		};
		6FBA0D3930458081002FB1D8 /* Resources */ = {
			isa = PBXResourcesBuildPhase;
			buildActionMask = 2147483647;
			files = (
			);
			runOnlyForDeploymentPostprocessing = 0;
		};
		6FBA0D4D304580ED002FB1D8 /* Resources */ = {
			isa = PBXResourcesBuildPhase;
			buildActionMask = 2147483647;
			files = (
			);
			runOnlyForDeploymentPostprocessing = 0;
		};
/* End PBXResourcesBuildPhase section */

/* Begin PBXSourcesBuildPhase section */
		6F2552B1301F24D00033A122 /* Sources */ = {
			isa = PBXSourcesBuildPhase;
			buildActionMask = 2147483647;
			files = (
			);
			runOnlyForDeploymentPostprocessing = 0;
		};
		6F2552C0301F24D20033A122 /* Sources */ = {
			isa = PBXSourcesBuildPhase;
			buildActionMask = 2147483647;
			files = (
			);
			runOnlyForDeploymentPostprocessing = 0;
		};
		6F2552CA301F24D20033A122 /* Sources */ = {
			isa = PBXSourcesBuildPhase;
			buildActionMask = 2147483647;
			files = (
			);
			runOnlyForDeploymentPostprocessing = 0;
		};
		6FBA0D3730458081002FB1D8 /* Sources */ = {
			isa = PBXSourcesBuildPhase;
			buildActionMask = 2147483647;
			files = (
			);
			runOnlyForDeploymentPostprocessing = 0;
		};
		6FBA0D4B304580ED002FB1D8 /* Sources */ = {
			isa = PBXSourcesBuildPhase;
			buildActionMask = 2147483647;
			files = (
			);
			runOnlyForDeploymentPostprocessing = 0;
		};
/* End PBXSourcesBuildPhase section */

/* Begin PBXTargetDependency section */
		6F2552C6301F24D20033A122 /* PBXTargetDependency */ = {
			isa = PBXTargetDependency;
			target = 6F2552B4301F24D00033A122 /* CanIV2 */;
			targetProxy = 6F2552C5301F24D20033A122 /* PBXContainerItemProxy */;
		};
		6F2552D0301F24D20033A122 /* PBXTargetDependency */ = {
			isa = PBXTargetDependency;
			target = 6F2552B4301F24D00033A122 /* CanIV2 */;
			targetProxy = 6F2552CF301F24D20033A122 /* PBXContainerItemProxy */;
		};
		6FBA0D4430458081002FB1D8 /* PBXTargetDependency */ = {
			isa = PBXTargetDependency;
			target = 6FBA0D3A30458081002FB1D8 /* CanIReceiptShare */;
			targetProxy = 6FBA0D4330458081002FB1D8 /* PBXContainerItemProxy */;
		};
		6FBA0D60304580EE002FB1D8 /* PBXTargetDependency */ = {
			isa = PBXTargetDependency;
			target = 6FBA0D4E304580ED002FB1D8 /* CanIQuickAddWidgetExtension */;
			targetProxy = 6FBA0D5F304580EE002FB1D8 /* PBXContainerItemProxy */;
		};
/* End PBXTargetDependency section */

/* Begin XCBuildConfiguration section */
		6F2552D6301F24D20033A122 /* Debug */ = {
			isa = XCBuildConfiguration;
			buildSettings = {
				ALWAYS_SEARCH_USER_PATHS = NO;
				ASSETCATALOG_COMPILER_GENERATE_SWIFT_ASSET_SYMBOL_EXTENSIONS = YES;
				CLANG_ANALYZER_NONNULL = YES;
				CLANG_ANALYZER_NUMBER_OBJECT_CONVERSION = YES_AGGRESSIVE;
				CLANG_CXX_LANGUAGE_STANDARD = "gnu++20";
				CLANG_ENABLE_MODULES = YES;
				CLANG_ENABLE_OBJC_ARC = YES;
				CLANG_ENABLE_OBJC_WEAK = YES;
				CLANG_WARN_BLOCK_CAPTURE_AUTORELEASING = YES;
				CLANG_WARN_BOOL_CONVERSION = YES;
				CLANG_WARN_COMMA = YES;
				CLANG_WARN_CONSTANT_CONVERSION = YES;
				CLANG_WARN_DEPRECATED_OBJC_IMPLEMENTATIONS = YES;
				CLANG_WARN_DIRECT_OBJC_ISA_USAGE = YES_ERROR;
				CLANG_WARN_DOCUMENTATION_COMMENTS = YES;
				CLANG_WARN_EMPTY_BODY = YES;
				CLANG_WARN_ENUM_CONVERSION = YES;
				CLANG_WARN_INFINITE_RECURSION = YES;
				CLANG_WARN_INT_CONVERSION = YES;
				CLANG_WARN_NON_LITERAL_NULL_CONVERSION = YES;
				CLANG_WARN_OBJC_IMPLICIT_RETAIN_SELF = YES;
				CLANG_WARN_OBJC_LITERAL_CONVERSION = YES;
				CLANG_WARN_OBJC_ROOT_CLASS = YES_ERROR;
				CLANG_WARN_QUOTED_INCLUDE_IN_FRAMEWORK_HEADER = YES;
				CLANG_WARN_RANGE_LOOP_ANALYSIS = YES;
				CLANG_WARN_STRICT_PROTOTYPES = YES;
				CLANG_WARN_SUSPICIOUS_MOVE = YES;
				CLANG_WARN_UNGUARDED_AVAILABILITY = YES_AGGRESSIVE;
				CLANG_WARN_UNREACHABLE_CODE = YES;
				CLANG_WARN__DUPLICATE_METHOD_MATCH = YES;
				COPY_PHASE_STRIP = NO;
				DEBUG_INFORMATION_FORMAT = dwarf;
				DEVELOPMENT_TEAM = H9B2BL9T5W;
				ENABLE_STRICT_OBJC_MSGSEND = YES;
				ENABLE_TESTABILITY = YES;
				ENABLE_USER_SCRIPT_SANDBOXING = YES;
				GCC_C_LANGUAGE_STANDARD = gnu17;
				GCC_DYNAMIC_NO_PIC = NO;
				GCC_NO_COMMON_BLOCKS = YES;
				GCC_OPTIMIZATION_LEVEL = 0;
				GCC_PREPROCESSOR_DEFINITIONS = (
					"DEBUG=1",
					"$(inherited)",
				);
				GCC_WARN_64_TO_32_BIT_CONVERSION = YES;
				GCC_WARN_ABOUT_RETURN_TYPE = YES_ERROR;
				GCC_WARN_UNDECLARED_SELECTOR = YES;
				GCC_WARN_UNINITIALIZED_AUTOS = YES_AGGRESSIVE;
				GCC_WARN_UNUSED_FUNCTION = YES;
				GCC_WARN_UNUSED_VARIABLE = YES;
				INFOPLIST_KEY_NSCameraUsageDescription = "CanI uses the camera only when you choose to capture a receipt for on-device OCR.";
				INFOPLIST_KEY_NSMainCameraUsageDescription = "CanI uses the camera only when you choose to capture a receipt for on-device OCR.";
				IPHONEOS_DEPLOYMENT_TARGET = 17.6;
				LOCALIZATION_PREFERS_STRING_CATALOGS = YES;
				MTL_ENABLE_DEBUG_INFO = INCLUDE_SOURCE;
				MTL_FAST_MATH = YES;
				ONLY_ACTIVE_ARCH = YES;
				SWIFT_ACTIVE_COMPILATION_CONDITIONS = "DEBUG $(inherited)";
				SWIFT_OPTIMIZATION_LEVEL = "-Onone";
			};
			name = Debug;
		};
		6F2552D7301F24D20033A122 /* Release */ = {
			isa = XCBuildConfiguration;
			buildSettings = {
				ALWAYS_SEARCH_USER_PATHS = NO;
				ASSETCATALOG_COMPILER_GENERATE_SWIFT_ASSET_SYMBOL_EXTENSIONS = YES;
				CLANG_ANALYZER_NONNULL = YES;
				CLANG_ANALYZER_NUMBER_OBJECT_CONVERSION = YES_AGGRESSIVE;
				CLANG_CXX_LANGUAGE_STANDARD = "gnu++20";
				CLANG_ENABLE_MODULES = YES;
				CLANG_ENABLE_OBJC_ARC = YES;
				CLANG_ENABLE_OBJC_WEAK = YES;
				CLANG_WARN_BLOCK_CAPTURE_AUTORELEASING = YES;
				CLANG_WARN_BOOL_CONVERSION = YES;
				CLANG_WARN_COMMA = YES;
				CLANG_WARN_CONSTANT_CONVERSION = YES;
				CLANG_WARN_DEPRECATED_OBJC_IMPLEMENTATIONS = YES;
				CLANG_WARN_DIRECT_OBJC_ISA_USAGE = YES_ERROR;
				CLANG_WARN_DOCUMENTATION_COMMENTS = YES;
				CLANG_WARN_EMPTY_BODY = YES;
				CLANG_WARN_ENUM_CONVERSION = YES;
				CLANG_WARN_INFINITE_RECURSION = YES;
				CLANG_WARN_INT_CONVERSION = YES;
				CLANG_WARN_NON_LITERAL_NULL_CONVERSION = YES;
				CLANG_WARN_OBJC_IMPLICIT_RETAIN_SELF = YES;
				CLANG_WARN_OBJC_LITERAL_CONVERSION = YES;
				CLANG_WARN_OBJC_ROOT_CLASS = YES_ERROR;
				CLANG_WARN_QUOTED_INCLUDE_IN_FRAMEWORK_HEADER = YES;
				CLANG_WARN_RANGE_LOOP_ANALYSIS = YES;
				CLANG_WARN_STRICT_PROTOTYPES = YES;
				CLANG_WARN_SUSPICIOUS_MOVE = YES;
				CLANG_WARN_UNGUARDED_AVAILABILITY = YES_AGGRESSIVE;
				CLANG_WARN_UNREACHABLE_CODE = YES;
				CLANG_WARN__DUPLICATE_METHOD_MATCH = YES;
				COPY_PHASE_STRIP = NO;
				DEBUG_INFORMATION_FORMAT = "dwarf-with-dsym";
				DEVELOPMENT_TEAM = H9B2BL9T5W;
				ENABLE_NS_ASSERTIONS = NO;
				ENABLE_STRICT_OBJC_MSGSEND = YES;
				ENABLE_USER_SCRIPT_SANDBOXING = YES;
				GCC_C_LANGUAGE_STANDARD = gnu17;
				GCC_NO_COMMON_BLOCKS = YES;
				GCC_WARN_64_TO_32_BIT_CONVERSION = YES;
				GCC_WARN_ABOUT_RETURN_TYPE = YES_ERROR;
				GCC_WARN_UNDECLARED_SELECTOR = YES;
				GCC_WARN_UNINITIALIZED_AUTOS = YES_AGGRESSIVE;
				GCC_WARN_UNUSED_FUNCTION = YES;
				GCC_WARN_UNUSED_VARIABLE = YES;
				INFOPLIST_KEY_NSCameraUsageDescription = "CanI uses the camera only when you choose to capture a receipt for on-device OCR.";
				INFOPLIST_KEY_NSMainCameraUsageDescription = "CanI uses the camera only when you choose to capture a receipt for on-device OCR.";
				IPHONEOS_DEPLOYMENT_TARGET = 17.6;
				LOCALIZATION_PREFERS_STRING_CATALOGS = YES;
				MTL_ENABLE_DEBUG_INFO = NO;
				MTL_FAST_MATH = YES;
				SWIFT_COMPILATION_MODE = wholemodule;
			};
			name = Release;
		};
		6F2552D9301F24D20033A122 /* Debug */ = {
			isa = XCBuildConfiguration;
			buildSettings = {
				ASSETCATALOG_COMPILER_APPICON_NAME = CanIAppIcon;
				ASSETCATALOG_COMPILER_GLOBAL_ACCENT_COLOR_NAME = AccentColor;
				ASSETCATALOG_COMPILER_INCLUDE_ALL_APPICON_ASSETS = YES;
				CODE_SIGN_ENTITLEMENTS = CanIV2/CanIV2.entitlements;
				CODE_SIGN_STYLE = Automatic;
				CURRENT_PROJECT_VERSION = 1;
				DEVELOPMENT_TEAM = H9B2BL9T5W;
				ENABLE_APP_SANDBOX = YES;
				ENABLE_HARDENED_RUNTIME = YES;
				ENABLE_PREVIEWS = YES;
				ENABLE_USER_SELECTED_FILES = readonly;
				GENERATE_INFOPLIST_FILE = YES;
				INFOPLIST_KEY_CFBundleDisplayName = CanI;
				INFOPLIST_KEY_LSApplicationCategoryType = "public.app-category.utilities";
				"INFOPLIST_KEY_UIApplicationSceneManifest_Generation[sdk=iphoneos*]" = YES;
				"INFOPLIST_KEY_UIApplicationSceneManifest_Generation[sdk=iphonesimulator*]" = YES;
				"INFOPLIST_KEY_UIApplicationSupportsIndirectInputEvents[sdk=iphoneos*]" = YES;
				"INFOPLIST_KEY_UIApplicationSupportsIndirectInputEvents[sdk=iphonesimulator*]" = YES;
				"INFOPLIST_KEY_UILaunchScreen_Generation[sdk=iphoneos*]" = YES;
				"INFOPLIST_KEY_UILaunchScreen_Generation[sdk=iphonesimulator*]" = YES;
				"INFOPLIST_KEY_UIStatusBarStyle[sdk=iphoneos*]" = UIStatusBarStyleDefault;
				"INFOPLIST_KEY_UIStatusBarStyle[sdk=iphonesimulator*]" = UIStatusBarStyleDefault;
				INFOPLIST_KEY_UISupportedInterfaceOrientations = "UIInterfaceOrientationLandscapeLeft UIInterfaceOrientationLandscapeRight UIInterfaceOrientationPortrait";
				IPHONEOS_DEPLOYMENT_TARGET = 17.6;
				LD_RUNPATH_SEARCH_PATHS = "@executable_path/Frameworks";
				"LD_RUNPATH_SEARCH_PATHS[sdk=macosx*]" = "@executable_path/../Frameworks";
				MACOSX_DEPLOYMENT_TARGET = 26.5;
				MARKETING_VERSION = 1.0;
				PRODUCT_BUNDLE_IDENTIFIER = profile.com.ios.canIV2.CanIV2;
				PRODUCT_NAME = "$(TARGET_NAME)";
				REGISTER_APP_GROUPS = YES;
				SDKROOT = auto;
				STRING_CATALOG_GENERATE_SYMBOLS = YES;
				SUPPORTED_PLATFORMS = "iphoneos iphonesimulator";
				SUPPORTS_MACCATALYST = NO;
				SWIFT_APPROACHABLE_CONCURRENCY = YES;
				SWIFT_DEFAULT_ACTOR_ISOLATION = MainActor;
				SWIFT_EMIT_LOC_STRINGS = YES;
				SWIFT_UPCOMING_FEATURE_MEMBER_IMPORT_VISIBILITY = YES;
				SWIFT_VERSION = 5.0;
				TARGETED_DEVICE_FAMILY = "1,2";
				XROS_DEPLOYMENT_TARGET = 26.5;
			};
			name = Debug;
		};
		6F2552DA301F24D20033A122 /* Release */ = {
			isa = XCBuildConfiguration;
			buildSettings = {
				ASSETCATALOG_COMPILER_APPICON_NAME = CanIAppIcon;
				ASSETCATALOG_COMPILER_GLOBAL_ACCENT_COLOR_NAME = AccentColor;
				ASSETCATALOG_COMPILER_INCLUDE_ALL_APPICON_ASSETS = YES;
				CODE_SIGN_ENTITLEMENTS = CanIV2/CanIV2.entitlements;
				CODE_SIGN_STYLE = Automatic;
				CURRENT_PROJECT_VERSION = 1;
				DEVELOPMENT_TEAM = H9B2BL9T5W;
				ENABLE_APP_SANDBOX = YES;
				ENABLE_HARDENED_RUNTIME = YES;
				ENABLE_PREVIEWS = YES;
				ENABLE_USER_SELECTED_FILES = readonly;
				GENERATE_INFOPLIST_FILE = YES;
				INFOPLIST_KEY_CFBundleDisplayName = CanI;
				INFOPLIST_KEY_LSApplicationCategoryType = "public.app-category.utilities";
				"INFOPLIST_KEY_UIApplicationSceneManifest_Generation[sdk=iphoneos*]" = YES;
				"INFOPLIST_KEY_UIApplicationSceneManifest_Generation[sdk=iphonesimulator*]" = YES;
				"INFOPLIST_KEY_UIApplicationSupportsIndirectInputEvents[sdk=iphoneos*]" = YES;
				"INFOPLIST_KEY_UIApplicationSupportsIndirectInputEvents[sdk=iphonesimulator*]" = YES;
				"INFOPLIST_KEY_UILaunchScreen_Generation[sdk=iphoneos*]" = YES;
				"INFOPLIST_KEY_UILaunchScreen_Generation[sdk=iphonesimulator*]" = YES;
				"INFOPLIST_KEY_UIStatusBarStyle[sdk=iphoneos*]" = UIStatusBarStyleDefault;
				"INFOPLIST_KEY_UIStatusBarStyle[sdk=iphonesimulator*]" = UIStatusBarStyleDefault;
				INFOPLIST_KEY_UISupportedInterfaceOrientations = "UIInterfaceOrientationLandscapeLeft UIInterfaceOrientationLandscapeRight UIInterfaceOrientationPortrait";
				IPHONEOS_DEPLOYMENT_TARGET = 17.6;
				LD_RUNPATH_SEARCH_PATHS = "@executable_path/Frameworks";
				"LD_RUNPATH_SEARCH_PATHS[sdk=macosx*]" = "@executable_path/../Frameworks";
				MACOSX_DEPLOYMENT_TARGET = 26.5;
				MARKETING_VERSION = 1.0;
				PRODUCT_BUNDLE_IDENTIFIER = profile.com.ios.canIV2.CanIV2;
				PRODUCT_NAME = "$(TARGET_NAME)";
				REGISTER_APP_GROUPS = YES;
				SDKROOT = auto;
				STRING_CATALOG_GENERATE_SYMBOLS = YES;
				SUPPORTED_PLATFORMS = "iphoneos iphonesimulator";
				SUPPORTS_MACCATALYST = NO;
				SWIFT_APPROACHABLE_CONCURRENCY = YES;
				SWIFT_DEFAULT_ACTOR_ISOLATION = MainActor;
				SWIFT_EMIT_LOC_STRINGS = YES;
				SWIFT_UPCOMING_FEATURE_MEMBER_IMPORT_VISIBILITY = YES;
				SWIFT_VERSION = 5.0;
				TARGETED_DEVICE_FAMILY = "1,2";
				XROS_DEPLOYMENT_TARGET = 26.5;
			};
			name = Release;
		};
		6F2552DC301F24D20033A122 /* Debug */ = {
			isa = XCBuildConfiguration;
			buildSettings = {
				BUNDLE_LOADER = "$(TEST_HOST)";
				CODE_SIGN_STYLE = Automatic;
				CURRENT_PROJECT_VERSION = 1;
				DEVELOPMENT_TEAM = H9B2BL9T5W;
				GENERATE_INFOPLIST_FILE = YES;
				IPHONEOS_DEPLOYMENT_TARGET = 17.6;
				MACOSX_DEPLOYMENT_TARGET = 26.5;
				MARKETING_VERSION = 1.0;
				PRODUCT_BUNDLE_IDENTIFIER = profile.com.ios.canIV2.CanIV2Tests;
				PRODUCT_NAME = "$(TARGET_NAME)";
				SDKROOT = auto;
				STRING_CATALOG_GENERATE_SYMBOLS = NO;
				SUPPORTED_PLATFORMS = "iphoneos iphonesimulator macosx xros xrsimulator";
				SWIFT_APPROACHABLE_CONCURRENCY = YES;
				SWIFT_EMIT_LOC_STRINGS = NO;
				SWIFT_UPCOMING_FEATURE_MEMBER_IMPORT_VISIBILITY = YES;
				SWIFT_VERSION = 5.0;
				TARGETED_DEVICE_FAMILY = "1,2,7";
				TEST_HOST = "$(BUILT_PRODUCTS_DIR)/CanIV2.app/$(BUNDLE_EXECUTABLE_FOLDER_PATH)/CanIV2";
				XROS_DEPLOYMENT_TARGET = 26.5;
			};
			name = Debug;
		};
		6F2552DD301F24D20033A122 /* Release */ = {
			isa = XCBuildConfiguration;
			buildSettings = {
				BUNDLE_LOADER = "$(TEST_HOST)";
				CODE_SIGN_STYLE = Automatic;
				CURRENT_PROJECT_VERSION = 1;
				DEVELOPMENT_TEAM = H9B2BL9T5W;
				GENERATE_INFOPLIST_FILE = YES;
				IPHONEOS_DEPLOYMENT_TARGET = 17.6;
				MACOSX_DEPLOYMENT_TARGET = 26.5;
				MARKETING_VERSION = 1.0;
				PRODUCT_BUNDLE_IDENTIFIER = profile.com.ios.canIV2.CanIV2Tests;
				PRODUCT_NAME = "$(TARGET_NAME)";
				SDKROOT = auto;
				STRING_CATALOG_GENERATE_SYMBOLS = NO;
				SUPPORTED_PLATFORMS = "iphoneos iphonesimulator macosx xros xrsimulator";
				SWIFT_APPROACHABLE_CONCURRENCY = YES;
				SWIFT_EMIT_LOC_STRINGS = NO;
				SWIFT_UPCOMING_FEATURE_MEMBER_IMPORT_VISIBILITY = YES;
				SWIFT_VERSION = 5.0;
				TARGETED_DEVICE_FAMILY = "1,2,7";
				TEST_HOST = "$(BUILT_PRODUCTS_DIR)/CanIV2.app/$(BUNDLE_EXECUTABLE_FOLDER_PATH)/CanIV2";
				XROS_DEPLOYMENT_TARGET = 26.5;
			};
			name = Release;
		};
		6F2552DF301F24D20033A122 /* Debug */ = {
			isa = XCBuildConfiguration;
			buildSettings = {
				CODE_SIGN_STYLE = Automatic;
				CURRENT_PROJECT_VERSION = 1;
				DEVELOPMENT_TEAM = H9B2BL9T5W;
				GENERATE_INFOPLIST_FILE = YES;
				IPHONEOS_DEPLOYMENT_TARGET = 17.6;
				MACOSX_DEPLOYMENT_TARGET = 26.5;
				MARKETING_VERSION = 1.0;
				PRODUCT_BUNDLE_IDENTIFIER = profile.com.ios.canIV2.CanIV2UITests;
				PRODUCT_NAME = "$(TARGET_NAME)";
				SDKROOT = auto;
				STRING_CATALOG_GENERATE_SYMBOLS = NO;
				SUPPORTED_PLATFORMS = "iphoneos iphonesimulator macosx xros xrsimulator";
				SWIFT_APPROACHABLE_CONCURRENCY = YES;
				SWIFT_EMIT_LOC_STRINGS = NO;
				SWIFT_UPCOMING_FEATURE_MEMBER_IMPORT_VISIBILITY = YES;
				SWIFT_VERSION = 5.0;
				TARGETED_DEVICE_FAMILY = "1,2,7";
				TEST_TARGET_NAME = CanIV2;
				XROS_DEPLOYMENT_TARGET = 26.5;
			};
			name = Debug;
		};
		6F2552E0301F24D20033A122 /* Release */ = {
			isa = XCBuildConfiguration;
			buildSettings = {
				CODE_SIGN_STYLE = Automatic;
				CURRENT_PROJECT_VERSION = 1;
				DEVELOPMENT_TEAM = H9B2BL9T5W;
				GENERATE_INFOPLIST_FILE = YES;
				IPHONEOS_DEPLOYMENT_TARGET = 17.6;
				MACOSX_DEPLOYMENT_TARGET = 26.5;
				MARKETING_VERSION = 1.0;
				PRODUCT_BUNDLE_IDENTIFIER = profile.com.ios.canIV2.CanIV2UITests;
				PRODUCT_NAME = "$(TARGET_NAME)";
				SDKROOT = auto;
				STRING_CATALOG_GENERATE_SYMBOLS = NO;
				SUPPORTED_PLATFORMS = "iphoneos iphonesimulator macosx xros xrsimulator";
				SWIFT_APPROACHABLE_CONCURRENCY = YES;
				SWIFT_EMIT_LOC_STRINGS = NO;
				SWIFT_UPCOMING_FEATURE_MEMBER_IMPORT_VISIBILITY = YES;
				SWIFT_VERSION = 5.0;
				TARGETED_DEVICE_FAMILY = "1,2,7";
				TEST_TARGET_NAME = CanIV2;
				XROS_DEPLOYMENT_TARGET = 26.5;
			};
			name = Release;
		};
		6FBA0D4730458081002FB1D8 /* Debug */ = {
			isa = XCBuildConfiguration;
			buildSettings = {
				CODE_SIGN_ENTITLEMENTS = CanIReceiptShare/CanIReceiptShare.entitlements;
				CODE_SIGN_STYLE = Automatic;
				CURRENT_PROJECT_VERSION = 1;
				DEVELOPMENT_TEAM = H9B2BL9T5W;
				GENERATE_INFOPLIST_FILE = YES;
				INFOPLIST_FILE = CanIReceiptShare/Info.plist;
				INFOPLIST_KEY_CFBundleDisplayName = CanIReceiptShare;
				INFOPLIST_KEY_NSHumanReadableCopyright = "";
				IPHONEOS_DEPLOYMENT_TARGET = 17.6;
				LD_RUNPATH_SEARCH_PATHS = (
					"$(inherited)",
					"@executable_path/Frameworks",
					"@executable_path/../../Frameworks",
				);
				MARKETING_VERSION = 1.0;
				PRODUCT_BUNDLE_IDENTIFIER = profile.com.ios.canIV2.CanIV2.CanIReceiptShare;
				PRODUCT_NAME = "$(TARGET_NAME)";
				SDKROOT = iphoneos;
				SKIP_INSTALL = YES;
				STRING_CATALOG_GENERATE_SYMBOLS = YES;
				SWIFT_APPROACHABLE_CONCURRENCY = YES;
				SWIFT_EMIT_LOC_STRINGS = YES;
				SWIFT_UPCOMING_FEATURE_MEMBER_IMPORT_VISIBILITY = YES;
				SWIFT_VERSION = 5.0;
				TARGETED_DEVICE_FAMILY = "1,2";
			};
			name = Debug;
		};
		6FBA0D4830458081002FB1D8 /* Release */ = {
			isa = XCBuildConfiguration;
			buildSettings = {
				CODE_SIGN_ENTITLEMENTS = CanIReceiptShare/CanIReceiptShare.entitlements;
				CODE_SIGN_STYLE = Automatic;
				CURRENT_PROJECT_VERSION = 1;
				DEVELOPMENT_TEAM = H9B2BL9T5W;
				GENERATE_INFOPLIST_FILE = YES;
				INFOPLIST_FILE = CanIReceiptShare/Info.plist;
				INFOPLIST_KEY_CFBundleDisplayName = CanIReceiptShare;
				INFOPLIST_KEY_NSHumanReadableCopyright = "";
				IPHONEOS_DEPLOYMENT_TARGET = 17.6;
				LD_RUNPATH_SEARCH_PATHS = (
					"$(inherited)",
					"@executable_path/Frameworks",
					"@executable_path/../../Frameworks",
				);
				MARKETING_VERSION = 1.0;
				PRODUCT_BUNDLE_IDENTIFIER = profile.com.ios.canIV2.CanIV2.CanIReceiptShare;
				PRODUCT_NAME = "$(TARGET_NAME)";
				SDKROOT = iphoneos;
				SKIP_INSTALL = YES;
				STRING_CATALOG_GENERATE_SYMBOLS = YES;
				SWIFT_APPROACHABLE_CONCURRENCY = YES;
				SWIFT_EMIT_LOC_STRINGS = YES;
				SWIFT_UPCOMING_FEATURE_MEMBER_IMPORT_VISIBILITY = YES;
				SWIFT_VERSION = 5.0;
				TARGETED_DEVICE_FAMILY = "1,2";
				VALIDATE_PRODUCT = YES;
			};
			name = Release;
		};
		6FBA0D64304580EE002FB1D8 /* Debug */ = {
			isa = XCBuildConfiguration;
			buildSettings = {
				ASSETCATALOG_COMPILER_GLOBAL_ACCENT_COLOR_NAME = AccentColor;
				ASSETCATALOG_COMPILER_WIDGET_BACKGROUND_COLOR_NAME = WidgetBackground;
				CODE_SIGN_ENTITLEMENTS = CanIQuickAddWidgetExtension.entitlements;
				CODE_SIGN_STYLE = Automatic;
				CURRENT_PROJECT_VERSION = 1;
				DEVELOPMENT_TEAM = H9B2BL9T5W;
				GENERATE_INFOPLIST_FILE = YES;
				INFOPLIST_FILE = CanIQuickAddWidget/Info.plist;
				INFOPLIST_KEY_CFBundleDisplayName = CanIQuickAddWidget;
				INFOPLIST_KEY_NSHumanReadableCopyright = "";
				IPHONEOS_DEPLOYMENT_TARGET = 17.6;
				LD_RUNPATH_SEARCH_PATHS = (
					"$(inherited)",
					"@executable_path/Frameworks",
					"@executable_path/../../Frameworks",
				);
				MARKETING_VERSION = 1.0;
				PRODUCT_BUNDLE_IDENTIFIER = profile.com.ios.canIV2.CanIV2.CanIQuickAddWidget;
				PRODUCT_NAME = "$(TARGET_NAME)";
				SDKROOT = iphoneos;
				SKIP_INSTALL = YES;
				STRING_CATALOG_GENERATE_SYMBOLS = YES;
				SWIFT_APPROACHABLE_CONCURRENCY = YES;
				SWIFT_EMIT_LOC_STRINGS = YES;
				SWIFT_UPCOMING_FEATURE_MEMBER_IMPORT_VISIBILITY = YES;
				SWIFT_VERSION = 5.0;
				TARGETED_DEVICE_FAMILY = "1,2";
			};
			name = Debug;
		};
		6FBA0D65304580EE002FB1D8 /* Release */ = {
			isa = XCBuildConfiguration;
			buildSettings = {
				ASSETCATALOG_COMPILER_GLOBAL_ACCENT_COLOR_NAME = AccentColor;
				ASSETCATALOG_COMPILER_WIDGET_BACKGROUND_COLOR_NAME = WidgetBackground;
				CODE_SIGN_ENTITLEMENTS = CanIQuickAddWidgetExtension.entitlements;
				CODE_SIGN_STYLE = Automatic;
				CURRENT_PROJECT_VERSION = 1;
				DEVELOPMENT_TEAM = H9B2BL9T5W;
				GENERATE_INFOPLIST_FILE = YES;
				INFOPLIST_FILE = CanIQuickAddWidget/Info.plist;
				INFOPLIST_KEY_CFBundleDisplayName = CanIQuickAddWidget;
				INFOPLIST_KEY_NSHumanReadableCopyright = "";
				IPHONEOS_DEPLOYMENT_TARGET = 17.6;
				LD_RUNPATH_SEARCH_PATHS = (
					"$(inherited)",
					"@executable_path/Frameworks",
					"@executable_path/../../Frameworks",
				);
				MARKETING_VERSION = 1.0;
				PRODUCT_BUNDLE_IDENTIFIER = profile.com.ios.canIV2.CanIV2.CanIQuickAddWidget;
				PRODUCT_NAME = "$(TARGET_NAME)";
				SDKROOT = iphoneos;
				SKIP_INSTALL = YES;
				STRING_CATALOG_GENERATE_SYMBOLS = YES;
				SWIFT_APPROACHABLE_CONCURRENCY = YES;
				SWIFT_EMIT_LOC_STRINGS = YES;
				SWIFT_UPCOMING_FEATURE_MEMBER_IMPORT_VISIBILITY = YES;
				SWIFT_VERSION = 5.0;
				TARGETED_DEVICE_FAMILY = "1,2";
				VALIDATE_PRODUCT = YES;
			};
			name = Release;
		};
/* End XCBuildConfiguration section */

/* Begin XCConfigurationList section */
		6F2552B0301F24D00033A122 /* Build configuration list for PBXProject "CanIV2" */ = {
			isa = XCConfigurationList;
			buildConfigurations = (
				6F2552D6301F24D20033A122 /* Debug */,
				6F2552D7301F24D20033A122 /* Release */,
			);
			defaultConfigurationIsVisible = 0;
			defaultConfigurationName = Release;
		};
		6F2552D8301F24D20033A122 /* Build configuration list for PBXNativeTarget "CanIV2" */ = {
			isa = XCConfigurationList;
			buildConfigurations = (
				6F2552D9301F24D20033A122 /* Debug */,
				6F2552DA301F24D20033A122 /* Release */,
			);
			defaultConfigurationIsVisible = 0;
			defaultConfigurationName = Release;
		};
		6F2552DB301F24D20033A122 /* Build configuration list for PBXNativeTarget "CanIV2Tests" */ = {
			isa = XCConfigurationList;
			buildConfigurations = (
				6F2552DC301F24D20033A122 /* Debug */,
				6F2552DD301F24D20033A122 /* Release */,
			);
			defaultConfigurationIsVisible = 0;
			defaultConfigurationName = Release;
		};
		6F2552DE301F24D20033A122 /* Build configuration list for PBXNativeTarget "CanIV2UITests" */ = {
			isa = XCConfigurationList;
			buildConfigurations = (
				6F2552DF301F24D20033A122 /* Debug */,
				6F2552E0301F24D20033A122 /* Release */,
			);
			defaultConfigurationIsVisible = 0;
			defaultConfigurationName = Release;
		};
		6FBA0D4A30458081002FB1D8 /* Build configuration list for PBXNativeTarget "CanIReceiptShare" */ = {
			isa = XCConfigurationList;
			buildConfigurations = (
				6FBA0D4730458081002FB1D8 /* Debug */,
				6FBA0D4830458081002FB1D8 /* Release */,
			);
			defaultConfigurationIsVisible = 0;
			defaultConfigurationName = Release;
		};
		6FBA0D63304580EE002FB1D8 /* Build configuration list for PBXNativeTarget "CanIQuickAddWidgetExtension" */ = {
			isa = XCConfigurationList;
			buildConfigurations = (
				6FBA0D64304580EE002FB1D8 /* Debug */,
				6FBA0D65304580EE002FB1D8 /* Release */,
			);
			defaultConfigurationIsVisible = 0;
			defaultConfigurationName = Release;
		};
/* End XCConfigurationList section */
	};
	rootObject = 6F2552AD301F24D00033A122 /* Project object */;
}
